# This file is generated by running "yarn install" inside your project.
# Manual changes might be lost - proceed with caution!

__metadata:
  version: 6
  cacheKey: 8

"@remix-run/router@npm:1.2.0":
  version: 1.2.0
  resolution: "@remix-run/router@npm:1.2.0"
  checksum: faa5d0095e4ce1c5d1ec75db11e0fa77ac29db609187a562f69f90d9c1703095ac4dde25fd14dd33317c7658e52e358bdf31de8b57354ca693b51f047fbe88dd
  languageName: node
  linkType: hard

"js-tokens@npm:^3.0.0 || ^4.0.0":
  version: 4.0.0
  resolution: "js-tokens@npm:4.0.0"
  checksum: 8a95213a5a77deb6cbe94d86340e8d9ace2b93bc367790b260101d2f36a2eaf4e4e22d9fa9cf459b38af3a32fb4190e638024cf82ec95ef708680e405ea7cc78
  languageName: node
  linkType: hard

"loose-envify@npm:^1.1.0":
  version: 1.4.0
  resolution: "loose-envify@npm:1.4.0"
  dependencies:
    js-tokens: ^3.0.0 || ^4.0.0
  bin:
    loose-envify: cli.js
  checksum: 6517e24e0cad87ec9888f500c5b5947032cdfe6ef65e1c1936a0c48a524b81e65542c9c3edc91c97d5bddc806ee2a985dbc79be89215d613b1de5db6d1cfe6f4
  languageName: node
  linkType: hard

"react-dom@npm:^18.2.0":
  version: 18.2.0
  resolution: "react-dom@npm:18.2.0"
  dependencies:
    loose-envify: ^1.1.0
    scheduler: ^0.23.0
  peerDependencies:
    react: ^18.2.0
  checksum: 7d323310bea3a91be2965f9468d552f201b1c27891e45ddc2d6b8f717680c95a75ae0bc1e3f5cf41472446a2589a75aed4483aee8169287909fcd59ad149e8cc
  languageName: node
  linkType: hard

"react-router-at-sign-repro@workspace:.":
  version: 0.0.0-use.local
  resolution: "react-router-at-sign-repro@workspace:."
  dependencies:
    react: ^18.2.0
    react-dom: ^18.2.0
    react-router-dom: 6.6.0
    typescript: ^4.9.4
  languageName: unknown
  linkType: soft

"react-router-dom@npm:6.6.0":
  version: 6.6.0
  resolution: "react-router-dom@npm:6.6.0"
  dependencies:
    "@remix-run/router": 1.2.0
    react-router: 6.6.0
  peerDependencies:
    react: ">=16.8"
    react-dom: ">=16.8"
  checksum: 93e949ede779fbc205c6716c304f83a5e62156064a1784365e3e756713126cc25ac1d774cd0d0cb3c3deebe5819c56345466159c8f95b9ed3788ee7915070687
  languageName: node
  linkType: hard

"react-router@npm:6.6.0":
  version: 6.6.0
  resolution: "react-router@npm:6.6.0"
  dependencies:
    "@remix-run/router": 1.2.0
  peerDependencies:
    react: ">=16.8"
  checksum: 29580dfa0a156c81f96782a592b0af9599cb7c38e01dac86a5c050ad63dc89c6898b4e5f84fc0ab513f8b17ed776ed68b7d296b1b43225f24ce8cb699e48c653
  languageName: node
  linkType: hard

"react@npm:^18.2.0":
  version: 18.2.0
  resolution: "react@npm:18.2.0"
  dependencies:
    loose-envify: ^1.1.0
  checksum: 88e38092da8839b830cda6feef2e8505dec8ace60579e46aa5490fc3dc9bba0bd50336507dc166f43e3afc1c42939c09fe33b25fae889d6f402721dcd78fca1b
  languageName: node
  linkType: hard

"scheduler@npm:^0.23.0":
  version: 0.23.0
  resolution: "scheduler@npm:0.23.0"
  dependencies:
    loose-envify: ^1.1.0
  checksum: d79192eeaa12abef860c195ea45d37cbf2bbf5f66e3c4dcd16f54a7da53b17788a70d109ee3d3dde1a0fd50e6a8fc171f4300356c5aee4fc0171de526bf35f8a
  languageName: node
  linkType: hard

"typescript@npm:^4.9.4":
  version: 4.9.4
  resolution: "typescript@npm:4.9.4"
  bin:
    tsc: bin/tsc
    tsserver: bin/tsserver
  checksum: e782fb9e0031cb258a80000f6c13530288c6d63f1177ed43f770533fdc15740d271554cdae86701c1dd2c83b082cea808b07e97fd68b38a172a83dbf9e0d0ef9
  languageName: node
  linkType: hard

"typescript@patch:typescript@^4.9.4#~builtin<compat/typescript>":
  version: 4.9.4
  resolution: "typescript@patch:typescript@npm%3A4.9.4#~builtin<compat/typescript>::version=4.9.4&hash=ad5954"
  bin:
    tsc: bin/tsc
    tsserver: bin/tsserver
  checksum: 1caaea6cb7f813e64345190fddc4e6c924d0b698ab81189b503763c4a18f7f5501c69362979d36e19c042d89d936443e768a78b0675690b35eb663d19e0eae71
  languageName: node
  linkType: hard
